
Microsoft Visual Studio Solution File, Format Version 12.00
# Visual Studio Version 16
VisualStudioVersion = 16.0.29519.87
MinimumVisualStudioVersion = 10.0.40219.1
Project("{9A19103F-16F7-4668-BE54-9A1E7A4F7556}") = "CarRent", "CarRent.csproj", "{9F3DB914-9673-4FDE-BBC4-65760464952B}"
EndProject
Global
	GlobalSection(SolutionConfigurationPlatforms) = preSolution
		Debug|Any CPU = Debug|Any CPU
		Release|Any CPU = Release|Any CPU
	EndGlobalSection
	GlobalSection(ProjectConfigurationPlatforms) = postSolution
		{9F3DB914-9673-4FDE-BBC4-65760464952B}.Debug|Any CPU.ActiveCfg = Debug|Any CPU
		{9F3DB914-9673-4FDE-BBC4-65760464952B}.Debug|Any CPU.Build.0 = Debug|Any CPU
		{9F3DB914-9673-4FDE-BBC4-65760464952B}.Release|Any CPU.ActiveCfg = Release|Any CPU
		{9F3DB914-9673-4FDE-BBC4-65760464952B}.Release|Any CPU.Build.0 = Release|Any CPU
	EndGlobalSection
	GlobalSection(SolutionProperties) = preSolution
		HideSolutionNode = FALSE
	EndGlobalSection
	GlobalSection(ExtensibilityGlobals) = postSolution
		SolutionGuid = {09E28D9E-AB22-4637-B136-2EF2ADEAA07C}
	EndGlobalSection
EndGlobal
